
Microsoft Visual Studio Solution File, Format Version 12.00
# Visual Studio 15
VisualStudioVersion = 15.0.27428.2037
MinimumVisualStudioVersion = 10.0.40219.1
Project("{9A19103F-16F7-4668-BE54-9A1E7A4F7556}") = "ApiLab.Breads", "ApiLab.Breads\ApiLab.Breads.csproj", "{B9A7E18A-DA9D-4964-8D7B-214E38481AC7}"
EndProject
Project("{9A19103F-16F7-4668-BE54-9A1E7A4F7556}") = "ApiLab.Burritos", "ApiLab.Burritos\ApiLab.Burritos.csproj", "{0BA9BE1B-3331-48A5-AB9B-532AD9CB3680}"
EndProject
Project("{9A19103F-16F7-4668-BE54-9A1E7A4F7556}") = "ApiLab.Normal.Bakery", "ApiLab.Normal.Bakery\ApiLab.Normal.Bakery.csproj", "{FBE17DB3-29B0-47DE-9B52-D97FAAFF7627}"
EndProject
Project("{9A19103F-16F7-4668-BE54-9A1E7A4F7556}") = "ApiLab.Normal.Butcher", "ApiLab.Normal.Butcher\ApiLab.Normal.Butcher.csproj", "{67182533-BD1B-4BC3-8617-576B4A780F30}"
EndProject
Project("{9A19103F-16F7-4668-BE54-9A1E7A4F7556}") = "ApiLab.Normal.BurritoShop", "ApiLab.Normal.BurritoShop\ApiLab.Normal.BurritoShop.csproj", "{E87AA7AB-2EA3-42B8-8C77-67C81B13D12C}"
EndProject
Project("{9A19103F-16F7-4668-BE54-9A1E7A4F7556}") = "ApiLab.Meats.V20", "ApiLab.Meats.V20\ApiLab.Meats.V20.csproj", "{1621D0FE-6591-46D4-9A47-22066C58EE92}"
EndProject
Project("{9A19103F-16F7-4668-BE54-9A1E7A4F7556}") = "ApiLab.Meats.V11", "ApiLab.Meats.V11\ApiLab.Meats.V11.csproj", "{7811F23B-BEC7-4937-A324-3E4ACB5A9834}"
EndProject
Project("{9A19103F-16F7-4668-BE54-9A1E7A4F7556}") = "ApiLab.Meats.V10", "ApiLab.Meats.V10\ApiLab.Meats.V10.csproj", "{D514D38B-DC47-469B-8E58-B3382C2AA27A}"
EndProject
Project("{9A19103F-16F7-4668-BE54-9A1E7A4F7556}") = "ApiLab.Meats.Compat", "ApiLab.Meats.Compat\ApiLab.Meats.Compat.csproj", "{6E2E59BE-151D-4948-9AB7-27C92034E3DD}"
EndProject
Project("{9A19103F-16F7-4668-BE54-9A1E7A4F7556}") = "ApiLab.Normal.BurritoShop.Tests", "ApiLab.Normal.BurritoShop.Tests\ApiLab.Normal.BurritoShop.Tests.csproj", "{98DB2DF7-4A19-432F-9A8E-A4F73BF58D72}"
EndProject
Project("{9A19103F-16F7-4668-BE54-9A1E7A4F7556}") = "ApiLab.Normal.Butcher.Tests", "ApiLab.Normal.Butcher.Tests\ApiLab.Normal.Butcher.Tests.csproj", "{560653FC-E0AF-4476-AC84-4C268DC26A4F}"
EndProject
Global
	GlobalSection(SolutionConfigurationPlatforms) = preSolution
		Debug|Any CPU = Debug|Any CPU
		Release|Any CPU = Release|Any CPU
	EndGlobalSection
	GlobalSection(ProjectConfigurationPlatforms) = postSolution
		{B9A7E18A-DA9D-4964-8D7B-214E38481AC7}.Debug|Any CPU.ActiveCfg = Debug|Any CPU
		{B9A7E18A-DA9D-4964-8D7B-214E38481AC7}.Debug|Any CPU.Build.0 = Debug|Any CPU
		{B9A7E18A-DA9D-4964-8D7B-214E38481AC7}.Release|Any CPU.ActiveCfg = Release|Any CPU
		{B9A7E18A-DA9D-4964-8D7B-214E38481AC7}.Release|Any CPU.Build.0 = Release|Any CPU
		{0BA9BE1B-3331-48A5-AB9B-532AD9CB3680}.Debug|Any CPU.ActiveCfg = Debug|Any CPU
		{0BA9BE1B-3331-48A5-AB9B-532AD9CB3680}.Debug|Any CPU.Build.0 = Debug|Any CPU
		{0BA9BE1B-3331-48A5-AB9B-532AD9CB3680}.Release|Any CPU.ActiveCfg = Release|Any CPU
		{0BA9BE1B-3331-48A5-AB9B-532AD9CB3680}.Release|Any CPU.Build.0 = Release|Any CPU
		{FBE17DB3-29B0-47DE-9B52-D97FAAFF7627}.Debug|Any CPU.ActiveCfg = Debug|Any CPU
		{FBE17DB3-29B0-47DE-9B52-D97FAAFF7627}.Debug|Any CPU.Build.0 = Debug|Any CPU
		{FBE17DB3-29B0-47DE-9B52-D97FAAFF7627}.Release|Any CPU.ActiveCfg = Release|Any CPU
		{FBE17DB3-29B0-47DE-9B52-D97FAAFF7627}.Release|Any CPU.Build.0 = Release|Any CPU
		{67182533-BD1B-4BC3-8617-576B4A780F30}.Debug|Any CPU.ActiveCfg = Debug|Any CPU
		{67182533-BD1B-4BC3-8617-576B4A780F30}.Debug|Any CPU.Build.0 = Debug|Any CPU
		{67182533-BD1B-4BC3-8617-576B4A780F30}.Release|Any CPU.ActiveCfg = Release|Any CPU
		{67182533-BD1B-4BC3-8617-576B4A780F30}.Release|Any CPU.Build.0 = Release|Any CPU
		{E87AA7AB-2EA3-42B8-8C77-67C81B13D12C}.Debug|Any CPU.ActiveCfg = Debug|Any CPU
		{E87AA7AB-2EA3-42B8-8C77-67C81B13D12C}.Debug|Any CPU.Build.0 = Debug|Any CPU
		{E87AA7AB-2EA3-42B8-8C77-67C81B13D12C}.Release|Any CPU.ActiveCfg = Release|Any CPU
		{E87AA7AB-2EA3-42B8-8C77-67C81B13D12C}.Release|Any CPU.Build.0 = Release|Any CPU
		{1621D0FE-6591-46D4-9A47-22066C58EE92}.Debug|Any CPU.ActiveCfg = Debug|Any CPU
		{1621D0FE-6591-46D4-9A47-22066C58EE92}.Debug|Any CPU.Build.0 = Debug|Any CPU
		{1621D0FE-6591-46D4-9A47-22066C58EE92}.Release|Any CPU.ActiveCfg = Release|Any CPU
		{1621D0FE-6591-46D4-9A47-22066C58EE92}.Release|Any CPU.Build.0 = Release|Any CPU
		{7811F23B-BEC7-4937-A324-3E4ACB5A9834}.Debug|Any CPU.ActiveCfg = Debug|Any CPU
		{7811F23B-BEC7-4937-A324-3E4ACB5A9834}.Debug|Any CPU.Build.0 = Debug|Any CPU
		{7811F23B-BEC7-4937-A324-3E4ACB5A9834}.Release|Any CPU.ActiveCfg = Release|Any CPU
		{7811F23B-BEC7-4937-A324-3E4ACB5A9834}.Release|Any CPU.Build.0 = Release|Any CPU
		{D514D38B-DC47-469B-8E58-B3382C2AA27A}.Debug|Any CPU.ActiveCfg = Debug|Any CPU
		{D514D38B-DC47-469B-8E58-B3382C2AA27A}.Debug|Any CPU.Build.0 = Debug|Any CPU
		{D514D38B-DC47-469B-8E58-B3382C2AA27A}.Release|Any CPU.ActiveCfg = Release|Any CPU
		{D514D38B-DC47-469B-8E58-B3382C2AA27A}.Release|Any CPU.Build.0 = Release|Any CPU
		{6E2E59BE-151D-4948-9AB7-27C92034E3DD}.Debug|Any CPU.ActiveCfg = Debug|Any CPU
		{6E2E59BE-151D-4948-9AB7-27C92034E3DD}.Debug|Any CPU.Build.0 = Debug|Any CPU
		{6E2E59BE-151D-4948-9AB7-27C92034E3DD}.Release|Any CPU.ActiveCfg = Release|Any CPU
		{6E2E59BE-151D-4948-9AB7-27C92034E3DD}.Release|Any CPU.Build.0 = Release|Any CPU
		{98DB2DF7-4A19-432F-9A8E-A4F73BF58D72}.Debug|Any CPU.ActiveCfg = Debug|Any CPU
		{98DB2DF7-4A19-432F-9A8E-A4F73BF58D72}.Debug|Any CPU.Build.0 = Debug|Any CPU
		{98DB2DF7-4A19-432F-9A8E-A4F73BF58D72}.Release|Any CPU.ActiveCfg = Release|Any CPU
		{98DB2DF7-4A19-432F-9A8E-A4F73BF58D72}.Release|Any CPU.Build.0 = Release|Any CPU
		{560653FC-E0AF-4476-AC84-4C268DC26A4F}.Debug|Any CPU.ActiveCfg = Debug|Any CPU
		{560653FC-E0AF-4476-AC84-4C268DC26A4F}.Debug|Any CPU.Build.0 = Debug|Any CPU
		{560653FC-E0AF-4476-AC84-4C268DC26A4F}.Release|Any CPU.ActiveCfg = Release|Any CPU
		{560653FC-E0AF-4476-AC84-4C268DC26A4F}.Release|Any CPU.Build.0 = Release|Any CPU
	EndGlobalSection
	GlobalSection(SolutionProperties) = preSolution
		HideSolutionNode = FALSE
	EndGlobalSection
	GlobalSection(ExtensibilityGlobals) = postSolution
		SolutionGuid = {D8B693AF-1218-4B28-86F0-D433806234C8}
	EndGlobalSection
EndGlobal
