
Microsoft Visual Studio Solution File, Format Version 12.00
# Visual Studio 15
VisualStudioVersion = 15.0.27428.2037
MinimumVisualStudioVersion = 10.0.40219.1
Project("{FAE04EC0-301F-11D3-BF4B-00C04F79EFBC}") = "ApiLab.OneTrue.Bakery", "ApiLab.OneTrue.Bakery\ApiLab.OneTrue.Bakery.csproj", "{71B6B700-4C6F-4263-9065-BD58F61D5C55}"
EndProject
Project("{9A19103F-16F7-4668-BE54-9A1E7A4F7556}") = "ApiLab.Breads", "..\ApiLab.Domain\ApiLab.Breads\ApiLab.Breads.csproj", "{4F48A981-0E13-4A9A-AC54-3B1B1AFB5B40}"
EndProject
Project("{9A19103F-16F7-4668-BE54-9A1E7A4F7556}") = "ApiLab.Meats", "..\ApiLab.Domain\ApiLab.Meats\ApiLab.Meats.csproj", "{9103B13B-8DC2-4BA0-94A6-E07F6473C307}"
EndProject
Project("{FAE04EC0-301F-11D3-BF4B-00C04F79EFBC}") = "ApiLab.OneTrue.Butcher", "ApiLab.OneTrue.Butcher\ApiLab.OneTrue.Butcher.csproj", "{D0CA1CAD-64CC-490D-A178-2F9754D2B1E5}"
EndProject
Global
	GlobalSection(SolutionConfigurationPlatforms) = preSolution
		Debug|Any CPU = Debug|Any CPU
		Release|Any CPU = Release|Any CPU
	EndGlobalSection
	GlobalSection(ProjectConfigurationPlatforms) = postSolution
		{71B6B700-4C6F-4263-9065-BD58F61D5C55}.Debug|Any CPU.ActiveCfg = Debug|Any CPU
		{71B6B700-4C6F-4263-9065-BD58F61D5C55}.Debug|Any CPU.Build.0 = Debug|Any CPU
		{71B6B700-4C6F-4263-9065-BD58F61D5C55}.Release|Any CPU.ActiveCfg = Release|Any CPU
		{71B6B700-4C6F-4263-9065-BD58F61D5C55}.Release|Any CPU.Build.0 = Release|Any CPU
		{4F48A981-0E13-4A9A-AC54-3B1B1AFB5B40}.Debug|Any CPU.ActiveCfg = Debug|Any CPU
		{4F48A981-0E13-4A9A-AC54-3B1B1AFB5B40}.Debug|Any CPU.Build.0 = Debug|Any CPU
		{4F48A981-0E13-4A9A-AC54-3B1B1AFB5B40}.Release|Any CPU.ActiveCfg = Release|Any CPU
		{4F48A981-0E13-4A9A-AC54-3B1B1AFB5B40}.Release|Any CPU.Build.0 = Release|Any CPU
		{9103B13B-8DC2-4BA0-94A6-E07F6473C307}.Debug|Any CPU.ActiveCfg = Debug|Any CPU
		{9103B13B-8DC2-4BA0-94A6-E07F6473C307}.Debug|Any CPU.Build.0 = Debug|Any CPU
		{9103B13B-8DC2-4BA0-94A6-E07F6473C307}.Release|Any CPU.ActiveCfg = Release|Any CPU
		{9103B13B-8DC2-4BA0-94A6-E07F6473C307}.Release|Any CPU.Build.0 = Release|Any CPU
		{D0CA1CAD-64CC-490D-A178-2F9754D2B1E5}.Debug|Any CPU.ActiveCfg = Debug|Any CPU
		{D0CA1CAD-64CC-490D-A178-2F9754D2B1E5}.Debug|Any CPU.Build.0 = Debug|Any CPU
		{D0CA1CAD-64CC-490D-A178-2F9754D2B1E5}.Release|Any CPU.ActiveCfg = Release|Any CPU
		{D0CA1CAD-64CC-490D-A178-2F9754D2B1E5}.Release|Any CPU.Build.0 = Release|Any CPU
	EndGlobalSection
	GlobalSection(SolutionProperties) = preSolution
		HideSolutionNode = FALSE
	EndGlobalSection
	GlobalSection(ExtensibilityGlobals) = postSolution
		SolutionGuid = {EBF062BE-C657-412E-937C-4FF7E7BA9F0C}
	EndGlobalSection
EndGlobal
