
Microsoft Visual Studio Solution File, Format Version 12.00
# Visual Studio 15
VisualStudioVersion = 15.0.27428.2037
MinimumVisualStudioVersion = 10.0.40219.1
Project("{9A19103F-16F7-4668-BE54-9A1E7A4F7556}") = "ApiLab.Breads", "..\ApiLab\ApiLab.Breads\ApiLab.Breads.csproj", "{B9A7E18A-DA9D-4964-8D7B-214E38481AC7}"
EndProject
Project("{9A19103F-16F7-4668-BE54-9A1E7A4F7556}") = "ApiLab.Burritos", "..\ApiLab\ApiLab.Burritos\ApiLab.Burritos.csproj", "{0BA9BE1B-3331-48A5-AB9B-532AD9CB3680}"
EndProject
Project("{9A19103F-16F7-4668-BE54-9A1E7A4F7556}") = "ApiLab.Normal.Bakery", "..\ApiLab\ApiLab.Normal.Bakery\ApiLab.Normal.Bakery.csproj", "{FBE17DB3-29B0-47DE-9B52-D97FAAFF7627}"
EndProject
Project("{9A19103F-16F7-4668-BE54-9A1E7A4F7556}") = "ApiLab.Normal.Butcher", "..\ApiLab\ApiLab.Normal.Butcher\ApiLab.Normal.Butcher.csproj", "{67182533-BD1B-4BC3-8617-576B4A780F30}"
EndProject
Project("{9A19103F-16F7-4668-BE54-9A1E7A4F7556}") = "ApiLab.Normal.BurritoShop", "..\ApiLab\ApiLab.Normal.BurritoShop\ApiLab.Normal.BurritoShop.csproj", "{E87AA7AB-2EA3-42B8-8C77-67C81B13D12C}"
EndProject
Project("{9A19103F-16F7-4668-BE54-9A1E7A4F7556}") = "ApiLab.Scheme.JsonRpc.Infrastructure.DotNetJsonRpcClient", "ApiLab.Scheme.JsonRpc.Infrastructure.DotNetJsonRpcClient\ApiLab.Scheme.JsonRpc.Infrastructure.DotNetJsonRpcClient.csproj", "{3FB76BB5-B87B-4943-B823-B31F01133127}"
EndProject
Project("{9A19103F-16F7-4668-BE54-9A1E7A4F7556}") = "ApiLab.Scheme.JsonRpc.BakeryService", "ApiLab.Scheme.JsonRpc.BakeryService\ApiLab.Scheme.JsonRpc.BakeryService.csproj", "{F7061781-8D85-4689-A0E2-74D58BB81E60}"
EndProject
Project("{9A19103F-16F7-4668-BE54-9A1E7A4F7556}") = "ApiLab.Scheme.JsonRpc.ButcherService", "ApiLab.Scheme.JsonRpc.ButcherService\ApiLab.Scheme.JsonRpc.ButcherService.csproj", "{7F8E1652-F106-4D6F-A579-719790EC09D7}"
EndProject
Project("{9A19103F-16F7-4668-BE54-9A1E7A4F7556}") = "ApiLab.Scheme.JsonRpc.BurritoShopService", "ApiLab.Scheme.JsonRpc.BurritoShopService\ApiLab.Scheme.JsonRpc.BurritoShopService.csproj", "{652BF460-7EAD-4169-9A18-79849234E94B}"
EndProject
Project("{9A19103F-16F7-4668-BE54-9A1E7A4F7556}") = "ApiLab.Scheme.JsonRpc.Infrastructure.JsJsonRpcClient", "ApiLab.Scheme.JsonRpc.Infrastructure.JsJsonRpcClient\ApiLab.Scheme.JsonRpc.Infrastructure.JsJsonRpcClient.csproj", "{0F63B2A7-7C63-4665-A07F-360F9B0AF712}"
EndProject
Project("{9A19103F-16F7-4668-BE54-9A1E7A4F7556}") = "ApiLab.Scheme.JsonRpc.App", "ApiLab.Scheme.JsonRpc.App\ApiLab.Scheme.JsonRpc.App.csproj", "{6A580246-9C0C-4C16-B6A3-6BEACC215E78}"
EndProject
Project("{9A19103F-16F7-4668-BE54-9A1E7A4F7556}") = "ApiLab.Meats.Compat", "..\ApiLab\ApiLab.Meats.Compat\ApiLab.Meats.Compat.csproj", "{E2EA7B69-1833-4E49-A327-4464B1472CD3}"
EndProject
Project("{9A19103F-16F7-4668-BE54-9A1E7A4F7556}") = "ApiLab.Meats.V10", "..\ApiLab\ApiLab.Meats.V10\ApiLab.Meats.V10.csproj", "{B3182EA8-370C-4ED3-8942-18ED7159DAE7}"
EndProject
Project("{9A19103F-16F7-4668-BE54-9A1E7A4F7556}") = "ApiLab.Meats.V11", "..\ApiLab\ApiLab.Meats.V11\ApiLab.Meats.V11.csproj", "{B27BEBD6-5ADD-49B8-BFD9-4ED4CDCF194A}"
EndProject
Project("{9A19103F-16F7-4668-BE54-9A1E7A4F7556}") = "ApiLab.Meats.V20", "..\ApiLab\ApiLab.Meats.V20\ApiLab.Meats.V20.csproj", "{F4979B13-76BB-4221-8435-E040B4F24DD2}"
EndProject
Project("{9A19103F-16F7-4668-BE54-9A1E7A4F7556}") = "ApiLab.Tests", "..\ApiLab\ApiLab.Tests\ApiLab.Tests.csproj", "{51C35639-EE9E-4590-B430-D4DE6C117130}"
EndProject
Global
	GlobalSection(SolutionConfigurationPlatforms) = preSolution
		Debug|Any CPU = Debug|Any CPU
		Release|Any CPU = Release|Any CPU
	EndGlobalSection
	GlobalSection(ProjectConfigurationPlatforms) = postSolution
		{B9A7E18A-DA9D-4964-8D7B-214E38481AC7}.Debug|Any CPU.ActiveCfg = Debug|Any CPU
		{B9A7E18A-DA9D-4964-8D7B-214E38481AC7}.Debug|Any CPU.Build.0 = Debug|Any CPU
		{B9A7E18A-DA9D-4964-8D7B-214E38481AC7}.Release|Any CPU.ActiveCfg = Release|Any CPU
		{B9A7E18A-DA9D-4964-8D7B-214E38481AC7}.Release|Any CPU.Build.0 = Release|Any CPU
		{0BA9BE1B-3331-48A5-AB9B-532AD9CB3680}.Debug|Any CPU.ActiveCfg = Debug|Any CPU
		{0BA9BE1B-3331-48A5-AB9B-532AD9CB3680}.Debug|Any CPU.Build.0 = Debug|Any CPU
		{0BA9BE1B-3331-48A5-AB9B-532AD9CB3680}.Release|Any CPU.ActiveCfg = Release|Any CPU
		{0BA9BE1B-3331-48A5-AB9B-532AD9CB3680}.Release|Any CPU.Build.0 = Release|Any CPU
		{FBE17DB3-29B0-47DE-9B52-D97FAAFF7627}.Debug|Any CPU.ActiveCfg = Debug|Any CPU
		{FBE17DB3-29B0-47DE-9B52-D97FAAFF7627}.Debug|Any CPU.Build.0 = Debug|Any CPU
		{FBE17DB3-29B0-47DE-9B52-D97FAAFF7627}.Release|Any CPU.ActiveCfg = Release|Any CPU
		{FBE17DB3-29B0-47DE-9B52-D97FAAFF7627}.Release|Any CPU.Build.0 = Release|Any CPU
		{67182533-BD1B-4BC3-8617-576B4A780F30}.Debug|Any CPU.ActiveCfg = Debug|Any CPU
		{67182533-BD1B-4BC3-8617-576B4A780F30}.Debug|Any CPU.Build.0 = Debug|Any CPU
		{67182533-BD1B-4BC3-8617-576B4A780F30}.Release|Any CPU.ActiveCfg = Release|Any CPU
		{67182533-BD1B-4BC3-8617-576B4A780F30}.Release|Any CPU.Build.0 = Release|Any CPU
		{E87AA7AB-2EA3-42B8-8C77-67C81B13D12C}.Debug|Any CPU.ActiveCfg = Debug|Any CPU
		{E87AA7AB-2EA3-42B8-8C77-67C81B13D12C}.Debug|Any CPU.Build.0 = Debug|Any CPU
		{E87AA7AB-2EA3-42B8-8C77-67C81B13D12C}.Release|Any CPU.ActiveCfg = Release|Any CPU
		{E87AA7AB-2EA3-42B8-8C77-67C81B13D12C}.Release|Any CPU.Build.0 = Release|Any CPU
		{3FB76BB5-B87B-4943-B823-B31F01133127}.Debug|Any CPU.ActiveCfg = Debug|Any CPU
		{3FB76BB5-B87B-4943-B823-B31F01133127}.Debug|Any CPU.Build.0 = Debug|Any CPU
		{3FB76BB5-B87B-4943-B823-B31F01133127}.Release|Any CPU.ActiveCfg = Release|Any CPU
		{3FB76BB5-B87B-4943-B823-B31F01133127}.Release|Any CPU.Build.0 = Release|Any CPU
		{F7061781-8D85-4689-A0E2-74D58BB81E60}.Debug|Any CPU.ActiveCfg = Debug|Any CPU
		{F7061781-8D85-4689-A0E2-74D58BB81E60}.Debug|Any CPU.Build.0 = Debug|Any CPU
		{F7061781-8D85-4689-A0E2-74D58BB81E60}.Release|Any CPU.ActiveCfg = Release|Any CPU
		{F7061781-8D85-4689-A0E2-74D58BB81E60}.Release|Any CPU.Build.0 = Release|Any CPU
		{7F8E1652-F106-4D6F-A579-719790EC09D7}.Debug|Any CPU.ActiveCfg = Debug|Any CPU
		{7F8E1652-F106-4D6F-A579-719790EC09D7}.Debug|Any CPU.Build.0 = Debug|Any CPU
		{7F8E1652-F106-4D6F-A579-719790EC09D7}.Release|Any CPU.ActiveCfg = Release|Any CPU
		{7F8E1652-F106-4D6F-A579-719790EC09D7}.Release|Any CPU.Build.0 = Release|Any CPU
		{652BF460-7EAD-4169-9A18-79849234E94B}.Debug|Any CPU.ActiveCfg = Debug|Any CPU
		{652BF460-7EAD-4169-9A18-79849234E94B}.Debug|Any CPU.Build.0 = Debug|Any CPU
		{652BF460-7EAD-4169-9A18-79849234E94B}.Release|Any CPU.ActiveCfg = Release|Any CPU
		{652BF460-7EAD-4169-9A18-79849234E94B}.Release|Any CPU.Build.0 = Release|Any CPU
		{0F63B2A7-7C63-4665-A07F-360F9B0AF712}.Debug|Any CPU.ActiveCfg = Debug|Any CPU
		{0F63B2A7-7C63-4665-A07F-360F9B0AF712}.Debug|Any CPU.Build.0 = Debug|Any CPU
		{0F63B2A7-7C63-4665-A07F-360F9B0AF712}.Release|Any CPU.ActiveCfg = Release|Any CPU
		{0F63B2A7-7C63-4665-A07F-360F9B0AF712}.Release|Any CPU.Build.0 = Release|Any CPU
		{6A580246-9C0C-4C16-B6A3-6BEACC215E78}.Debug|Any CPU.ActiveCfg = Debug|Any CPU
		{6A580246-9C0C-4C16-B6A3-6BEACC215E78}.Debug|Any CPU.Build.0 = Debug|Any CPU
		{6A580246-9C0C-4C16-B6A3-6BEACC215E78}.Release|Any CPU.ActiveCfg = Release|Any CPU
		{6A580246-9C0C-4C16-B6A3-6BEACC215E78}.Release|Any CPU.Build.0 = Release|Any CPU
		{E2EA7B69-1833-4E49-A327-4464B1472CD3}.Debug|Any CPU.ActiveCfg = Debug|Any CPU
		{E2EA7B69-1833-4E49-A327-4464B1472CD3}.Debug|Any CPU.Build.0 = Debug|Any CPU
		{E2EA7B69-1833-4E49-A327-4464B1472CD3}.Release|Any CPU.ActiveCfg = Release|Any CPU
		{E2EA7B69-1833-4E49-A327-4464B1472CD3}.Release|Any CPU.Build.0 = Release|Any CPU
		{B3182EA8-370C-4ED3-8942-18ED7159DAE7}.Debug|Any CPU.ActiveCfg = Debug|Any CPU
		{B3182EA8-370C-4ED3-8942-18ED7159DAE7}.Debug|Any CPU.Build.0 = Debug|Any CPU
		{B3182EA8-370C-4ED3-8942-18ED7159DAE7}.Release|Any CPU.ActiveCfg = Release|Any CPU
		{B3182EA8-370C-4ED3-8942-18ED7159DAE7}.Release|Any CPU.Build.0 = Release|Any CPU
		{B27BEBD6-5ADD-49B8-BFD9-4ED4CDCF194A}.Debug|Any CPU.ActiveCfg = Debug|Any CPU
		{B27BEBD6-5ADD-49B8-BFD9-4ED4CDCF194A}.Debug|Any CPU.Build.0 = Debug|Any CPU
		{B27BEBD6-5ADD-49B8-BFD9-4ED4CDCF194A}.Release|Any CPU.ActiveCfg = Release|Any CPU
		{B27BEBD6-5ADD-49B8-BFD9-4ED4CDCF194A}.Release|Any CPU.Build.0 = Release|Any CPU
		{F4979B13-76BB-4221-8435-E040B4F24DD2}.Debug|Any CPU.ActiveCfg = Debug|Any CPU
		{F4979B13-76BB-4221-8435-E040B4F24DD2}.Debug|Any CPU.Build.0 = Debug|Any CPU
		{F4979B13-76BB-4221-8435-E040B4F24DD2}.Release|Any CPU.ActiveCfg = Release|Any CPU
		{F4979B13-76BB-4221-8435-E040B4F24DD2}.Release|Any CPU.Build.0 = Release|Any CPU
		{51C35639-EE9E-4590-B430-D4DE6C117130}.Debug|Any CPU.ActiveCfg = Debug|Any CPU
		{51C35639-EE9E-4590-B430-D4DE6C117130}.Debug|Any CPU.Build.0 = Debug|Any CPU
		{51C35639-EE9E-4590-B430-D4DE6C117130}.Release|Any CPU.ActiveCfg = Release|Any CPU
		{51C35639-EE9E-4590-B430-D4DE6C117130}.Release|Any CPU.Build.0 = Release|Any CPU
	EndGlobalSection
	GlobalSection(SolutionProperties) = preSolution
		HideSolutionNode = FALSE
	EndGlobalSection
	GlobalSection(ExtensibilityGlobals) = postSolution
		SolutionGuid = {D8B693AF-1218-4B28-86F0-D433806234C8}
	EndGlobalSection
EndGlobal
